// !$*UTF8*$!
{
	archiveVersion = 1;
	classes = {
	};
	objectVersion = 54;
	objects = {

/* Begin PBXBuildFile section */
		3C1A70B4256BBAB300E07E4A /* NotificationService.swift in Sources */ = {isa = PBXBuildFile; fileRef = 3C1A70B3256BBAB300E07E4A /* NotificationService.swift */; };
		3C1A70B8256BBAB300E07E4A /* NotificationServiceExtension.appex in Embed Foundation Extensions */ = {isa = PBXBuildFile; fileRef = 3C1A70B1256BBAB300E07E4A /* NotificationServiceExtension.appex */; settings = {ATTRIBUTES = (RemoveHeadersOnCopy, ); }; };
		3C1FED002556D5AB0001BD58 /* UIKitProjectTests.swift in Sources */ = {isa = PBXBuildFile; fileRef = 3C1FECFF2556D5AB0001BD58 /* UIKitProjectTests.swift */; };
		3C1FED0D2556D7C60001BD58 /* FileInGroupWithoutFolder.swift in Sources */ = {isa = PBXBuildFile; fileRef = 3C1FED0C2556D7C60001BD58 /* FileInGroupWithoutFolder.swift */; };
		3C1FED1E2556D91D0001BD58 /* Target_With_Spaces.framework in Frameworks */ = {isa = PBXBuildFile; fileRef = 3C1FED172556D91C0001BD58 /* Target_With_Spaces.framework */; };
		3C1FED1F2556D91D0001BD58 /* Target_With_Spaces.framework in Embed Frameworks */ = {isa = PBXBuildFile; fileRef = 3C1FED172556D91C0001BD58 /* Target_With_Spaces.framework */; settings = {ATTRIBUTES = (CodeSignOnCopy, RemoveHeadersOnCopy, ); }; };
		3C1FED2B2556D9360001BD58 /* File With Spaces.swift in Sources */ = {isa = PBXBuildFile; fileRef = 3C1FED2A2556D9360001BD58 /* File With Spaces.swift */; };
		3C3ABC05256522AB00EAB309 /* XibViewController2Subclass.xib in Resources */ = {isa = PBXBuildFile; fileRef = 3C3ABC04256522AB00EAB309 /* XibViewController2Subclass.xib */; };
		3C3ABC09256526F900EAB309 /* XibViewController2.swift in Sources */ = {isa = PBXBuildFile; fileRef = 3C3ABC08256526F900EAB309 /* XibViewController2.swift */; };
		3C5E4E58255C25D200BF728D /* AppDelegate.swift in Sources */ = {isa = PBXBuildFile; fileRef = 3C5E4E57255C25D200BF728D /* AppDelegate.swift */; };
		3C849662255405B000900DA9 /* Assets.xcassets in Resources */ = {isa = PBXBuildFile; fileRef = 3C849661255405B000900DA9 /* Assets.xcassets */; };
		3C849665255405B000900DA9 /* Preview Assets.xcassets in Resources */ = {isa = PBXBuildFile; fileRef = 3C849664255405B000900DA9 /* Preview Assets.xcassets */; };
		3C84966E255405F600900DA9 /* SceneDelegate.swift in Sources */ = {isa = PBXBuildFile; fileRef = 3C84966D255405F600900DA9 /* SceneDelegate.swift */; };
		3C9B06BE25542DB200E45614 /* XibViewController.swift in Sources */ = {isa = PBXBuildFile; fileRef = 3C9B06BD25542DB200E45614 /* XibViewController.swift */; };
		3C9B06C125542DD700E45614 /* XibViewController.xib in Resources */ = {isa = PBXBuildFile; fileRef = 3C9B06C025542DD700E45614 /* XibViewController.xib */; };
		3C9B06C425542F2500E45614 /* Launch Screen.storyboard in Resources */ = {isa = PBXBuildFile; fileRef = 3C9B06C325542F2500E45614 /* Launch Screen.storyboard */; };
		3C9B06E725547C3800E45614 /* StoryboardViewController.storyboard in Resources */ = {isa = PBXBuildFile; fileRef = 3C9B06E625547C3800E45614 /* StoryboardViewController.storyboard */; };
		3C9B06EA25547CEC00E45614 /* StoryboardViewController.swift in Sources */ = {isa = PBXBuildFile; fileRef = 3C9B06E925547CEC00E45614 /* StoryboardViewController.swift */; };
		3C9EFBA82684E1B70071E973 /* Model.xcdatamodeld in Sources */ = {isa = PBXBuildFile; fileRef = 3C9EFBA62684E1B70071E973 /* Model.xcdatamodeld */; };
		3CD46111256C034C00856DAC /* MultiTargetStruct.swift in Sources */ = {isa = PBXBuildFile; fileRef = 3CD46107256C02FE00856DAC /* MultiTargetStruct.swift */; };
		3CD46115256C034D00856DAC /* MultiTargetStruct.swift in Sources */ = {isa = PBXBuildFile; fileRef = 3CD46107256C02FE00856DAC /* MultiTargetStruct.swift */; };
		3CD8FF922683ACBB001951CD /* EntityValueTransformer.swift in Sources */ = {isa = PBXBuildFile; fileRef = 3CD8FF912683ACBB001951CD /* EntityValueTransformer.swift */; };
		3CE3F7CC2685DEFB0047231C /* OldModel.xcdatamodeld in Sources */ = {isa = PBXBuildFile; fileRef = 3CE3F7CA2685DEFB0047231C /* OldModel.xcdatamodeld */; };
		3CE3F7CE2685DF0F0047231C /* ModelMapping.xcmappingmodel in Sources */ = {isa = PBXBuildFile; fileRef = 3CE3F7CD2685DF0F0047231C /* ModelMapping.xcmappingmodel */; };
		3CE3F7D02685E07C0047231C /* CustomEntityMigrationPolicy.swift in Sources */ = {isa = PBXBuildFile; fileRef = 3CE3F7CF2685E07C0047231C /* CustomEntityMigrationPolicy.swift */; };
		3CFFB5A92AEF8FDE002EFB86 /* WidgetKit.framework in Frameworks */ = {isa = PBXBuildFile; fileRef = 3CFFB5A82AEF8FDE002EFB86 /* WidgetKit.framework */; };
		3CFFB5AB2AEF8FDE002EFB86 /* SwiftUI.framework in Frameworks */ = {isa = PBXBuildFile; fileRef = 3CFFB5AA2AEF8FDE002EFB86 /* SwiftUI.framework */; };
		3CFFB5AE2AEF8FDE002EFB86 /* MyWidget.swift in Sources */ = {isa = PBXBuildFile; fileRef = 3CFFB5AD2AEF8FDE002EFB86 /* MyWidget.swift */; };
		3CFFB5B02AEF8FDE002EFB86 /* AppIntent.swift in Sources */ = {isa = PBXBuildFile; fileRef = 3CFFB5AF2AEF8FDE002EFB86 /* AppIntent.swift */; };
		3CFFB5B22AEF8FDF002EFB86 /* Assets.xcassets in Resources */ = {isa = PBXBuildFile; fileRef = 3CFFB5B12AEF8FDF002EFB86 /* Assets.xcassets */; };
		3CFFB5B72AEF9038002EFB86 /* MultiTargetStruct.swift in Sources */ = {isa = PBXBuildFile; fileRef = 3CD46107256C02FE00856DAC /* MultiTargetStruct.swift */; };
		73AF86CD2968A93900BED352 /* LocalPackageTarget in Frameworks */ = {isa = PBXBuildFile; productRef = 73AF86CC2968A93900BED352 /* LocalPackageTarget */; };
/* End PBXBuildFile section */

/* Begin PBXContainerItemProxy section */
		3C1A70B6256BBAB300E07E4A /* PBXContainerItemProxy */ = {
			isa = PBXContainerItemProxy;
			containerPortal = 3C849652255405AD00900DA9 /* Project object */;
			proxyType = 1;
			remoteGlobalIDString = 3C1A70B0256BBAB300E07E4A;
			remoteInfo = NotificationServiceExtension;
		};
		3C1FED022556D5AB0001BD58 /* PBXContainerItemProxy */ = {
			isa = PBXContainerItemProxy;
			containerPortal = 3C849652255405AD00900DA9 /* Project object */;
			proxyType = 1;
			remoteGlobalIDString = 3C849659255405AD00900DA9;
			remoteInfo = UIKitProject;
		};
		3C1FED1C2556D91D0001BD58 /* PBXContainerItemProxy */ = {
			isa = PBXContainerItemProxy;
			containerPortal = 3C849652255405AD00900DA9 /* Project object */;
			proxyType = 1;
			remoteGlobalIDString = 3C1FED162556D91C0001BD58;
			remoteInfo = "Target With Spaces";
		};
/* End PBXContainerItemProxy section */

/* Begin PBXCopyFilesBuildPhase section */
		3C1A70B9256BBAB300E07E4A /* Embed Foundation Extensions */ = {
			isa = PBXCopyFilesBuildPhase;
			buildActionMask = 2147483647;
			dstPath = "";
			dstSubfolderSpec = 13;
			files = (
				3C1A70B8256BBAB300E07E4A /* NotificationServiceExtension.appex in Embed Foundation Extensions */,
			);
			name = "Embed Foundation Extensions";
			runOnlyForDeploymentPostprocessing = 0;
		};
		3C1FED232556D91D0001BD58 /* Embed Frameworks */ = {
			isa = PBXCopyFilesBuildPhase;
			buildActionMask = 2147483647;
			dstPath = "";
			dstSubfolderSpec = 10;
			files = (
				3C1FED1F2556D91D0001BD58 /* Target_With_Spaces.framework in Embed Frameworks */,
			);
			name = "Embed Frameworks";
			runOnlyForDeploymentPostprocessing = 0;
		};
/* End PBXCopyFilesBuildPhase section */

/* Begin PBXFileReference section */
		3C1A70B1256BBAB300E07E4A /* NotificationServiceExtension.appex */ = {isa = PBXFileReference; explicitFileType = "wrapper.app-extension"; includeInIndex = 0; path = NotificationServiceExtension.appex; sourceTree = BUILT_PRODUCTS_DIR; };
		3C1A70B3256BBAB300E07E4A /* NotificationService.swift */ = {isa = PBXFileReference; lastKnownFileType = sourcecode.swift; path = NotificationService.swift; sourceTree = "<group>"; };
		3C1A70B5256BBAB300E07E4A /* Info.plist */ = {isa = PBXFileReference; lastKnownFileType = text.plist.xml; path = Info.plist; sourceTree = "<group>"; };
		3C1FECFD2556D5AB0001BD58 /* UIKitProjectTests.xctest */ = {isa = PBXFileReference; explicitFileType = wrapper.cfbundle; includeInIndex = 0; path = UIKitProjectTests.xctest; sourceTree = BUILT_PRODUCTS_DIR; };
		3C1FECFF2556D5AB0001BD58 /* UIKitProjectTests.swift */ = {isa = PBXFileReference; lastKnownFileType = sourcecode.swift; path = UIKitProjectTests.swift; sourceTree = "<group>"; };
		3C1FED012556D5AB0001BD58 /* Info.plist */ = {isa = PBXFileReference; lastKnownFileType = text.plist.xml; path = Info.plist; sourceTree = "<group>"; };
		3C1FED0C2556D7C60001BD58 /* FileInGroupWithoutFolder.swift */ = {isa = PBXFileReference; lastKnownFileType = sourcecode.swift; path = FileInGroupWithoutFolder.swift; sourceTree = "<group>"; };
		3C1FED172556D91C0001BD58 /* Target_With_Spaces.framework */ = {isa = PBXFileReference; explicitFileType = wrapper.framework; includeInIndex = 0; path = Target_With_Spaces.framework; sourceTree = BUILT_PRODUCTS_DIR; };
		3C1FED1A2556D91D0001BD58 /* Info.plist */ = {isa = PBXFileReference; lastKnownFileType = text.plist.xml; path = Info.plist; sourceTree = "<group>"; };
		3C1FED2A2556D9360001BD58 /* File With Spaces.swift */ = {isa = PBXFileReference; lastKnownFileType = sourcecode.swift; path = "File With Spaces.swift"; sourceTree = "<group>"; };
		3C3ABC04256522AB00EAB309 /* XibViewController2Subclass.xib */ = {isa = PBXFileReference; lastKnownFileType = file.xib; path = XibViewController2Subclass.xib; sourceTree = "<group>"; };
		3C3ABC08256526F900EAB309 /* XibViewController2.swift */ = {isa = PBXFileReference; lastKnownFileType = sourcecode.swift; path = XibViewController2.swift; sourceTree = "<group>"; };
		3C5E4E57255C25D200BF728D /* AppDelegate.swift */ = {isa = PBXFileReference; lastKnownFileType = sourcecode.swift; path = AppDelegate.swift; sourceTree = "<group>"; };
		3C84965A255405AD00900DA9 /* UIKitProject.app */ = {isa = PBXFileReference; explicitFileType = wrapper.application; includeInIndex = 0; path = UIKitProject.app; sourceTree = BUILT_PRODUCTS_DIR; };
		3C849661255405B000900DA9 /* Assets.xcassets */ = {isa = PBXFileReference; lastKnownFileType = folder.assetcatalog; path = Assets.xcassets; sourceTree = "<group>"; };
		3C849664255405B000900DA9 /* Preview Assets.xcassets */ = {isa = PBXFileReference; lastKnownFileType = folder.assetcatalog; path = "Preview Assets.xcassets"; sourceTree = "<group>"; };
		3C849666255405B000900DA9 /* Info.plist */ = {isa = PBXFileReference; lastKnownFileType = text.plist.xml; path = Info.plist; sourceTree = "<group>"; };
		3C84966D255405F600900DA9 /* SceneDelegate.swift */ = {isa = PBXFileReference; lastKnownFileType = sourcecode.swift; path = SceneDelegate.swift; sourceTree = "<group>"; };
		3C9B06BD25542DB200E45614 /* XibViewController.swift */ = {isa = PBXFileReference; lastKnownFileType = sourcecode.swift; path = XibViewController.swift; sourceTree = "<group>"; };
		3C9B06C025542DD700E45614 /* XibViewController.xib */ = {isa = PBXFileReference; lastKnownFileType = file.xib; path = XibViewController.xib; sourceTree = "<group>"; };
		3C9B06C325542F2500E45614 /* Launch Screen.storyboard */ = {isa = PBXFileReference; lastKnownFileType = file.storyboard; path = "Launch Screen.storyboard"; sourceTree = "<group>"; };
		3C9B06E625547C3800E45614 /* StoryboardViewController.storyboard */ = {isa = PBXFileReference; lastKnownFileType = file.storyboard; path = StoryboardViewController.storyboard; sourceTree = "<group>"; };
		3C9B06E925547CEC00E45614 /* StoryboardViewController.swift */ = {isa = PBXFileReference; lastKnownFileType = sourcecode.swift; path = StoryboardViewController.swift; sourceTree = "<group>"; };
		3C9EFBA72684E1B70071E973 /* Model.xcdatamodel */ = {isa = PBXFileReference; lastKnownFileType = wrapper.xcdatamodel; path = Model.xcdatamodel; sourceTree = "<group>"; };
		3CD46107256C02FE00856DAC /* MultiTargetStruct.swift */ = {isa = PBXFileReference; lastKnownFileType = sourcecode.swift; path = MultiTargetStruct.swift; sourceTree = "<group>"; };
		3CD8FF912683ACBB001951CD /* EntityValueTransformer.swift */ = {isa = PBXFileReference; lastKnownFileType = sourcecode.swift; path = EntityValueTransformer.swift; sourceTree = "<group>"; };
		3CE3F7CB2685DEFB0047231C /* OldModel.xcdatamodel */ = {isa = PBXFileReference; lastKnownFileType = wrapper.xcdatamodel; path = OldModel.xcdatamodel; sourceTree = "<group>"; };
		3CE3F7CD2685DF0F0047231C /* ModelMapping.xcmappingmodel */ = {isa = PBXFileReference; lastKnownFileType = wrapper.xcmappingmodel; path = ModelMapping.xcmappingmodel; sourceTree = "<group>"; };
		3CE3F7CF2685E07C0047231C /* CustomEntityMigrationPolicy.swift */ = {isa = PBXFileReference; lastKnownFileType = sourcecode.swift; path = CustomEntityMigrationPolicy.swift; sourceTree = "<group>"; };
		3CFFB5A72AEF8FDE002EFB86 /* MyWidgetExtension.appex */ = {isa = PBXFileReference; explicitFileType = "wrapper.app-extension"; includeInIndex = 0; path = MyWidgetExtension.appex; sourceTree = BUILT_PRODUCTS_DIR; };
		3CFFB5A82AEF8FDE002EFB86 /* WidgetKit.framework */ = {isa = PBXFileReference; lastKnownFileType = wrapper.framework; name = WidgetKit.framework; path = System/Library/Frameworks/WidgetKit.framework; sourceTree = SDKROOT; };
		3CFFB5AA2AEF8FDE002EFB86 /* SwiftUI.framework */ = {isa = PBXFileReference; lastKnownFileType = wrapper.framework; name = SwiftUI.framework; path = System/Library/Frameworks/SwiftUI.framework; sourceTree = SDKROOT; };
		3CFFB5AD2AEF8FDE002EFB86 /* MyWidget.swift */ = {isa = PBXFileReference; lastKnownFileType = sourcecode.swift; path = MyWidget.swift; sourceTree = "<group>"; };
		3CFFB5AF2AEF8FDE002EFB86 /* AppIntent.swift */ = {isa = PBXFileReference; lastKnownFileType = sourcecode.swift; path = AppIntent.swift; sourceTree = "<group>"; };
		3CFFB5B12AEF8FDF002EFB86 /* Assets.xcassets */ = {isa = PBXFileReference; lastKnownFileType = folder.assetcatalog; path = Assets.xcassets; sourceTree = "<group>"; };
		3CFFB5B32AEF8FDF002EFB86 /* Info.plist */ = {isa = PBXFileReference; lastKnownFileType = text.plist.xml; path = Info.plist; sourceTree = "<group>"; };
		73AF86C3296881F900BED352 /* LocalPackage */ = {isa = PBXFileReference; lastKnownFileType = wrapper; name = LocalPackage; path = LocalPackages/LocalPackage; sourceTree = "<group>"; };
/* End PBXFileReference section */

/* Begin PBXFrameworksBuildPhase section */
		3C1A70AE256BBAB300E07E4A /* Frameworks */ = {
			isa = PBXFrameworksBuildPhase;
			buildActionMask = 2147483647;
			files = (
			);
			runOnlyForDeploymentPostprocessing = 0;
		};
		3C1FECFA2556D5AB0001BD58 /* Frameworks */ = {
			isa = PBXFrameworksBuildPhase;
			buildActionMask = 2147483647;
			files = (
			);
			runOnlyForDeploymentPostprocessing = 0;
		};
		3C1FED142556D91C0001BD58 /* Frameworks */ = {
			isa = PBXFrameworksBuildPhase;
			buildActionMask = 2147483647;
			files = (
			);
			runOnlyForDeploymentPostprocessing = 0;
		};
		3C849657255405AD00900DA9 /* Frameworks */ = {
			isa = PBXFrameworksBuildPhase;
			buildActionMask = 2147483647;
			files = (
				73AF86CD2968A93900BED352 /* LocalPackageTarget in Frameworks */,
				3C1FED1E2556D91D0001BD58 /* Target_With_Spaces.framework in Frameworks */,
			);
			runOnlyForDeploymentPostprocessing = 0;
		};
		3CFFB5A42AEF8FDE002EFB86 /* Frameworks */ = {
			isa = PBXFrameworksBuildPhase;
			buildActionMask = 2147483647;
			files = (
				3CFFB5AB2AEF8FDE002EFB86 /* SwiftUI.framework in Frameworks */,
				3CFFB5A92AEF8FDE002EFB86 /* WidgetKit.framework in Frameworks */,
			);
			runOnlyForDeploymentPostprocessing = 0;
		};
/* End PBXFrameworksBuildPhase section */

/* Begin PBXGroup section */
		3C1A70B2256BBAB300E07E4A /* NotificationServiceExtension */ = {
			isa = PBXGroup;
			children = (
				3C1A70B3256BBAB300E07E4A /* NotificationService.swift */,
				3C1A70B5256BBAB300E07E4A /* Info.plist */,
			);
			path = NotificationServiceExtension;
			sourceTree = "<group>";
		};
		3C1FECFE2556D5AB0001BD58 /* UIKitProjectTests */ = {
			isa = PBXGroup;
			children = (
				3C1FECFF2556D5AB0001BD58 /* UIKitProjectTests.swift */,
				3C1FED012556D5AB0001BD58 /* Info.plist */,
			);
			path = UIKitProjectTests;
			sourceTree = "<group>";
		};
		3C1FED0B2556D7B30001BD58 /* GroupWithoutFolder */ = {
			isa = PBXGroup;
			children = (
				3C1FED0C2556D7C60001BD58 /* FileInGroupWithoutFolder.swift */,
			);
			name = GroupWithoutFolder;
			sourceTree = "<group>";
		};
		3C1FED182556D91C0001BD58 /* Target With Spaces */ = {
			isa = PBXGroup;
			children = (
				3C1FED1A2556D91D0001BD58 /* Info.plist */,
				3C1FED2A2556D9360001BD58 /* File With Spaces.swift */,
			);
			path = "Target With Spaces";
			sourceTree = "<group>";
		};
		3C849651255405AD00900DA9 = {
			isa = PBXGroup;
			children = (
				73AF86C2296881F900BED352 /* LocalPackages */,
				3C84965C255405AD00900DA9 /* UIKitProject */,
				3C1FECFE2556D5AB0001BD58 /* UIKitProjectTests */,
				3C1FED182556D91C0001BD58 /* Target With Spaces */,
				3C1A70B2256BBAB300E07E4A /* NotificationServiceExtension */,
				3CFFB5AC2AEF8FDE002EFB86 /* MyWidget */,
				3C84965B255405AD00900DA9 /* Products */,
				73F8B878296880AC004B1A5E /* Frameworks */,
			);
			sourceTree = "<group>";
		};
		3C84965B255405AD00900DA9 /* Products */ = {
			isa = PBXGroup;
			children = (
				3C84965A255405AD00900DA9 /* UIKitProject.app */,
				3C1FECFD2556D5AB0001BD58 /* UIKitProjectTests.xctest */,
				3C1FED172556D91C0001BD58 /* Target_With_Spaces.framework */,
				3C1A70B1256BBAB300E07E4A /* NotificationServiceExtension.appex */,
				3CFFB5A72AEF8FDE002EFB86 /* MyWidgetExtension.appex */,
			);
			name = Products;
			sourceTree = "<group>";
		};
		3C84965C255405AD00900DA9 /* UIKitProject */ = {
			isa = PBXGroup;
			children = (
				3C849666255405B000900DA9 /* Info.plist */,
				3C9B06C325542F2500E45614 /* Launch Screen.storyboard */,
				3C9B06E625547C3800E45614 /* StoryboardViewController.storyboard */,
				3C5E4E57255C25D200BF728D /* AppDelegate.swift */,
				3CD8FF912683ACBB001951CD /* EntityValueTransformer.swift */,
				3C84966D255405F600900DA9 /* SceneDelegate.swift */,
				3C9B06E925547CEC00E45614 /* StoryboardViewController.swift */,
				3C9B06BD25542DB200E45614 /* XibViewController.swift */,
				3C3ABC08256526F900EAB309 /* XibViewController2.swift */,
				3C849661255405B000900DA9 /* Assets.xcassets */,
				3C9B06C025542DD700E45614 /* XibViewController.xib */,
				3C3ABC04256522AB00EAB309 /* XibViewController2Subclass.xib */,
				3C1FED0B2556D7B30001BD58 /* GroupWithoutFolder */,
				3C9EFBA62684E1B70071E973 /* Model.xcdatamodeld */,
				3CD4610D256C032500856DAC /* MultiTarget */,
				3C849663255405B000900DA9 /* Preview Content */,
				3CE3F7CA2685DEFB0047231C /* OldModel.xcdatamodeld */,
				3CE3F7CD2685DF0F0047231C /* ModelMapping.xcmappingmodel */,
				3CE3F7CF2685E07C0047231C /* CustomEntityMigrationPolicy.swift */,
			);
			path = UIKitProject;
			sourceTree = "<group>";
		};
		3C849663255405B000900DA9 /* Preview Content */ = {
			isa = PBXGroup;
			children = (
				3C849664255405B000900DA9 /* Preview Assets.xcassets */,
			);
			path = "Preview Content";
			sourceTree = "<group>";
		};
		3CD4610D256C032500856DAC /* MultiTarget */ = {
			isa = PBXGroup;
			children = (
				3CD46107256C02FE00856DAC /* MultiTargetStruct.swift */,
			);
			path = MultiTarget;
			sourceTree = "<group>";
		};
		3CFFB5AC2AEF8FDE002EFB86 /* MyWidget */ = {
			isa = PBXGroup;
			children = (
				3CFFB5AD2AEF8FDE002EFB86 /* MyWidget.swift */,
				3CFFB5AF2AEF8FDE002EFB86 /* AppIntent.swift */,
				3CFFB5B12AEF8FDF002EFB86 /* Assets.xcassets */,
				3CFFB5B32AEF8FDF002EFB86 /* Info.plist */,
			);
			path = MyWidget;
			sourceTree = "<group>";
		};
		73AF86C2296881F900BED352 /* LocalPackages */ = {
			isa = PBXGroup;
			children = (
				73AF86C3296881F900BED352 /* LocalPackage */,
			);
			name = LocalPackages;
			sourceTree = "<group>";
		};
		73F8B878296880AC004B1A5E /* Frameworks */ = {
			isa = PBXGroup;
			children = (
				3CFFB5A82AEF8FDE002EFB86 /* WidgetKit.framework */,
				3CFFB5AA2AEF8FDE002EFB86 /* SwiftUI.framework */,
			);
			name = Frameworks;
			sourceTree = "<group>";
		};
/* End PBXGroup section */

/* Begin PBXHeadersBuildPhase section */
		3C1FED122556D91C0001BD58 /* Headers */ = {
			isa = PBXHeadersBuildPhase;
			buildActionMask = 2147483647;
			files = (
			);
			runOnlyForDeploymentPostprocessing = 0;
		};
/* End PBXHeadersBuildPhase section */

/* Begin PBXNativeTarget section */
		3C1A70B0256BBAB300E07E4A /* NotificationServiceExtension */ = {
			isa = PBXNativeTarget;
			buildConfigurationList = 3C1A70BC256BBAB300E07E4A /* Build configuration list for PBXNativeTarget "NotificationServiceExtension" */;
			buildPhases = (
				3C1A70AD256BBAB300E07E4A /* Sources */,
				3C1A70AE256BBAB300E07E4A /* Frameworks */,
				3C1A70AF256BBAB300E07E4A /* Resources */,
			);
			buildRules = (
			);
			dependencies = (
			);
			name = NotificationServiceExtension;
			productName = NotificationServiceExtension;
			productReference = 3C1A70B1256BBAB300E07E4A /* NotificationServiceExtension.appex */;
			productType = "com.apple.product-type.app-extension";
		};
		3C1FECFC2556D5AB0001BD58 /* UIKitProjectTests */ = {
			isa = PBXNativeTarget;
			buildConfigurationList = 3C1FED062556D5AB0001BD58 /* Build configuration list for PBXNativeTarget "UIKitProjectTests" */;
			buildPhases = (
				3C1FECF92556D5AB0001BD58 /* Sources */,
				3C1FECFA2556D5AB0001BD58 /* Frameworks */,
				3C1FECFB2556D5AB0001BD58 /* Resources */,
			);
			buildRules = (
			);
			dependencies = (
				3C1FED032556D5AB0001BD58 /* PBXTargetDependency */,
			);
			name = UIKitProjectTests;
			productName = UIKitProjectTests;
			productReference = 3C1FECFD2556D5AB0001BD58 /* UIKitProjectTests.xctest */;
			productType = "com.apple.product-type.bundle.unit-test";
		};
		3C1FED162556D91C0001BD58 /* Target With Spaces */ = {
			isa = PBXNativeTarget;
			buildConfigurationList = 3C1FED202556D91D0001BD58 /* Build configuration list for PBXNativeTarget "Target With Spaces" */;
			buildPhases = (
				3C1FED122556D91C0001BD58 /* Headers */,
				3C1FED132556D91C0001BD58 /* Sources */,
				3C1FED142556D91C0001BD58 /* Frameworks */,
				3C1FED152556D91C0001BD58 /* Resources */,
			);
			buildRules = (
			);
			dependencies = (
			);
			name = "Target With Spaces";
			productName = "Target With Spaces";
			productReference = 3C1FED172556D91C0001BD58 /* Target_With_Spaces.framework */;
			productType = "com.apple.product-type.framework";
		};
		3C849659255405AD00900DA9 /* UIKitProject */ = {
			isa = PBXNativeTarget;
			buildConfigurationList = 3C849669255405B000900DA9 /* Build configuration list for PBXNativeTarget "UIKitProject" */;
			buildPhases = (
				3C849656255405AD00900DA9 /* Sources */,
				3C849657255405AD00900DA9 /* Frameworks */,
				3C849658255405AD00900DA9 /* Resources */,
				3C1FED232556D91D0001BD58 /* Embed Frameworks */,
				3C1A70B9256BBAB300E07E4A /* Embed Foundation Extensions */,
			);
			buildRules = (
			);
			dependencies = (
				73AF86CB2968A93100BED352 /* PBXTargetDependency */,
				3C1FED1D2556D91D0001BD58 /* PBXTargetDependency */,
				3C1A70B7256BBAB300E07E4A /* PBXTargetDependency */,
			);
			name = UIKitProject;
			packageProductDependencies = (
				73AF86CC2968A93900BED352 /* LocalPackageTarget */,
			);
			productName = UIKitProject;
			productReference = 3C84965A255405AD00900DA9 /* UIKitProject.app */;
			productType = "com.apple.product-type.application";
		};
		3CFFB5A62AEF8FDE002EFB86 /* MyWidgetExtension */ = {
			isa = PBXNativeTarget;
			buildConfigurationList = 3CFFB5B62AEF8FDF002EFB86 /* Build configuration list for PBXNativeTarget "MyWidgetExtension" */;
			buildPhases = (
				3CFFB5A32AEF8FDE002EFB86 /* Sources */,
				3CFFB5A42AEF8FDE002EFB86 /* Frameworks */,
				3CFFB5A52AEF8FDE002EFB86 /* Resources */,
			);
			buildRules = (
			);
			dependencies = (
			);
			name = MyWidgetExtension;
			productName = MyWidgetExtension;
			productReference = 3CFFB5A72AEF8FDE002EFB86 /* MyWidgetExtension.appex */;
			productType = "com.apple.product-type.app-extension";
		};
/* End PBXNativeTarget section */

/* Begin PBXProject section */
		3C849652255405AD00900DA9 /* Project object */ = {
			isa = PBXProject;
			attributes = {
				LastSwiftUpdateCheck = 1510;
				LastUpgradeCheck = 1420;
				TargetAttributes = {
					3C1A70B0256BBAB300E07E4A = {
						CreatedOnToolsVersion = 12.2;
					};
					3C1FECFC2556D5AB0001BD58 = {
						CreatedOnToolsVersion = 12.2;
						TestTargetID = 3C849659255405AD00900DA9;
					};
					3C1FED162556D91C0001BD58 = {
						CreatedOnToolsVersion = 12.2;
						LastSwiftMigration = 1220;
					};
					3C849659255405AD00900DA9 = {
						CreatedOnToolsVersion = 12.2;
					};
					3CFFB5A62AEF8FDE002EFB86 = {
						CreatedOnToolsVersion = 15.1;
					};
				};
			};
			buildConfigurationList = 3C849655255405AD00900DA9 /* Build configuration list for PBXProject "UIKitProject" */;
			compatibilityVersion = "Xcode 9.3";
			developmentRegion = en;
			hasScannedForEncodings = 0;
			knownRegions = (
				en,
				Base,
			);
			mainGroup = 3C849651255405AD00900DA9;
			productRefGroup = 3C84965B255405AD00900DA9 /* Products */;
			projectDirPath = "";
			projectRoot = "";
			targets = (
				3C849659255405AD00900DA9 /* UIKitProject */,
				3C1FECFC2556D5AB0001BD58 /* UIKitProjectTests */,
				3C1FED162556D91C0001BD58 /* Target With Spaces */,
				3C1A70B0256BBAB300E07E4A /* NotificationServiceExtension */,
				3CFFB5A62AEF8FDE002EFB86 /* MyWidgetExtension */,
			);
		};
/* End PBXProject section */

/* Begin PBXResourcesBuildPhase section */
		3C1A70AF256BBAB300E07E4A /* Resources */ = {
			isa = PBXResourcesBuildPhase;
			buildActionMask = 2147483647;
			files = (
			);
			runOnlyForDeploymentPostprocessing = 0;
		};
		3C1FECFB2556D5AB0001BD58 /* Resources */ = {
			isa = PBXResourcesBuildPhase;
			buildActionMask = 2147483647;
			files = (
			);
			runOnlyForDeploymentPostprocessing = 0;
		};
		3C1FED152556D91C0001BD58 /* Resources */ = {
			isa = PBXResourcesBuildPhase;
			buildActionMask = 2147483647;
			files = (
			);
			runOnlyForDeploymentPostprocessing = 0;
		};
		3C849658255405AD00900DA9 /* Resources */ = {
			isa = PBXResourcesBuildPhase;
			buildActionMask = 2147483647;
			files = (
				3C3ABC05256522AB00EAB309 /* XibViewController2Subclass.xib in Resources */,
				3C849665255405B000900DA9 /* Preview Assets.xcassets in Resources */,
				3C9B06C125542DD700E45614 /* XibViewController.xib in Resources */,
				3C9B06C425542F2500E45614 /* Launch Screen.storyboard in Resources */,
				3C849662255405B000900DA9 /* Assets.xcassets in Resources */,
				3C9B06E725547C3800E45614 /* StoryboardViewController.storyboard in Resources */,
			);
			runOnlyForDeploymentPostprocessing = 0;
		};
		3CFFB5A52AEF8FDE002EFB86 /* Resources */ = {
			isa = PBXResourcesBuildPhase;
			buildActionMask = 2147483647;
			files = (
				3CFFB5B22AEF8FDF002EFB86 /* Assets.xcassets in Resources */,
			);
			runOnlyForDeploymentPostprocessing = 0;
		};
/* End PBXResourcesBuildPhase section */

/* Begin PBXSourcesBuildPhase section */
		3C1A70AD256BBAB300E07E4A /* Sources */ = {
			isa = PBXSourcesBuildPhase;
			buildActionMask = 2147483647;
			files = (
				3CD46115256C034D00856DAC /* MultiTargetStruct.swift in Sources */,
				3C1A70B4256BBAB300E07E4A /* NotificationService.swift in Sources */,
			);
			runOnlyForDeploymentPostprocessing = 0;
		};
		3C1FECF92556D5AB0001BD58 /* Sources */ = {
			isa = PBXSourcesBuildPhase;
			buildActionMask = 2147483647;
			files = (
				3C1FED002556D5AB0001BD58 /* UIKitProjectTests.swift in Sources */,
			);
			runOnlyForDeploymentPostprocessing = 0;
		};
		3C1FED132556D91C0001BD58 /* Sources */ = {
			isa = PBXSourcesBuildPhase;
			buildActionMask = 2147483647;
			files = (
				3C1FED2B2556D9360001BD58 /* File With Spaces.swift in Sources */,
			);
			runOnlyForDeploymentPostprocessing = 0;
		};
		3C849656255405AD00900DA9 /* Sources */ = {
			isa = PBXSourcesBuildPhase;
			buildActionMask = 2147483647;
			files = (
				3C5E4E58255C25D200BF728D /* AppDelegate.swift in Sources */,
				3C1FED0D2556D7C60001BD58 /* FileInGroupWithoutFolder.swift in Sources */,
				3CD46111256C034C00856DAC /* MultiTargetStruct.swift in Sources */,
				3CE3F7CC2685DEFB0047231C /* OldModel.xcdatamodeld in Sources */,
				3C3ABC09256526F900EAB309 /* XibViewController2.swift in Sources */,
				3C9B06EA25547CEC00E45614 /* StoryboardViewController.swift in Sources */,
				3CE3F7D02685E07C0047231C /* CustomEntityMigrationPolicy.swift in Sources */,
				3C9EFBA82684E1B70071E973 /* Model.xcdatamodeld in Sources */,
				3C9B06BE25542DB200E45614 /* XibViewController.swift in Sources */,
				3CD8FF922683ACBB001951CD /* EntityValueTransformer.swift in Sources */,
				3C84966E255405F600900DA9 /* SceneDelegate.swift in Sources */,
				3CE3F7CE2685DF0F0047231C /* ModelMapping.xcmappingmodel in Sources */,
			);
			runOnlyForDeploymentPostprocessing = 0;
		};
		3CFFB5A32AEF8FDE002EFB86 /* Sources */ = {
			isa = PBXSourcesBuildPhase;
			buildActionMask = 2147483647;
			files = (
				3CFFB5B72AEF9038002EFB86 /* MultiTargetStruct.swift in Sources */,
				3CFFB5AE2AEF8FDE002EFB86 /* MyWidget.swift in Sources */,
				3CFFB5B02AEF8FDE002EFB86 /* AppIntent.swift in Sources */,
			);
			runOnlyForDeploymentPostprocessing = 0;
		};
/* End PBXSourcesBuildPhase section */

/* Begin PBXTargetDependency section */
		3C1A70B7256BBAB300E07E4A /* PBXTargetDependency */ = {
			isa = PBXTargetDependency;
			target = 3C1A70B0256BBAB300E07E4A /* NotificationServiceExtension */;
			targetProxy = 3C1A70B6256BBAB300E07E4A /* PBXContainerItemProxy */;
		};
		3C1FED032556D5AB0001BD58 /* PBXTargetDependency */ = {
			isa = PBXTargetDependency;
			target = 3C849659255405AD00900DA9 /* UIKitProject */;
			targetProxy = 3C1FED022556D5AB0001BD58 /* PBXContainerItemProxy */;
		};
		3C1FED1D2556D91D0001BD58 /* PBXTargetDependency */ = {
			isa = PBXTargetDependency;
			target = 3C1FED162556D91C0001BD58 /* Target With Spaces */;
			targetProxy = 3C1FED1C2556D91D0001BD58 /* PBXContainerItemProxy */;
		};
		73AF86CB2968A93100BED352 /* PBXTargetDependency */ = {
			isa = PBXTargetDependency;
			productRef = 73AF86CA2968A93100BED352 /* LocalPackageTarget */;
		};
/* End PBXTargetDependency section */

/* Begin XCBuildConfiguration section */
		3C1A70BA256BBAB300E07E4A /* Debug */ = {
			isa = XCBuildConfiguration;
			buildSettings = {
				CODE_SIGN_STYLE = Manual;
				DEVELOPMENT_TEAM = "";
				INFOPLIST_FILE = NotificationServiceExtension/Info.plist;
				IPHONEOS_DEPLOYMENT_TARGET = 14.2;
				LD_RUNPATH_SEARCH_PATHS = (
					"$(inherited)",
					"@executable_path/Frameworks",
					"@executable_path/../../Frameworks",
				);
				PRODUCT_BUNDLE_IDENTIFIER = com.github.peripheryapp.UIKitProject.NotificationServiceExtension;
				PRODUCT_NAME = "$(TARGET_NAME)";
				PROVISIONING_PROFILE_SPECIFIER = "";
				SKIP_INSTALL = YES;
				SWIFT_VERSION = 5.0;
				TARGETED_DEVICE_FAMILY = "1,2";
			};
			name = Debug;
		};
		3C1A70BB256BBAB300E07E4A /* Release */ = {
			isa = XCBuildConfiguration;
			buildSettings = {
				CODE_SIGN_STYLE = Manual;
				DEVELOPMENT_TEAM = "";
				INFOPLIST_FILE = NotificationServiceExtension/Info.plist;
				IPHONEOS_DEPLOYMENT_TARGET = 14.2;
				LD_RUNPATH_SEARCH_PATHS = (
					"$(inherited)",
					"@executable_path/Frameworks",
					"@executable_path/../../Frameworks",
				);
				PRODUCT_BUNDLE_IDENTIFIER = com.github.peripheryapp.UIKitProject.NotificationServiceExtension;
				PRODUCT_NAME = "$(TARGET_NAME)";
				PROVISIONING_PROFILE_SPECIFIER = "";
				SKIP_INSTALL = YES;
				SWIFT_VERSION = 5.0;
				TARGETED_DEVICE_FAMILY = "1,2";
			};
			name = Release;
		};
		3C1FED042556D5AB0001BD58 /* Debug */ = {
			isa = XCBuildConfiguration;
			buildSettings = {
				BUNDLE_LOADER = "$(TEST_HOST)";
				CODE_SIGN_STYLE = Manual;
				DEVELOPMENT_TEAM = "";
				INFOPLIST_FILE = UIKitProjectTests/Info.plist;
				LD_RUNPATH_SEARCH_PATHS = (
					"$(inherited)",
					"@executable_path/Frameworks",
					"@loader_path/Frameworks",
				);
				PRODUCT_BUNDLE_IDENTIFIER = com.github.peripheryapp.UIKitProjectTests;
				PRODUCT_NAME = "$(TARGET_NAME)";
				PROVISIONING_PROFILE_SPECIFIER = "";
				"PROVISIONING_PROFILE_SPECIFIER[sdk=macosx*]" = "";
				SWIFT_VERSION = 5.0;
				TARGETED_DEVICE_FAMILY = "1,2";
				TEST_HOST = "$(BUILT_PRODUCTS_DIR)/UIKitProject.app/UIKitProject";
			};
			name = Debug;
		};
		3C1FED052556D5AB0001BD58 /* Release */ = {
			isa = XCBuildConfiguration;
			buildSettings = {
				BUNDLE_LOADER = "$(TEST_HOST)";
				CODE_SIGN_STYLE = Manual;
				DEVELOPMENT_TEAM = "";
				INFOPLIST_FILE = UIKitProjectTests/Info.plist;
				LD_RUNPATH_SEARCH_PATHS = (
					"$(inherited)",
					"@executable_path/Frameworks",
					"@loader_path/Frameworks",
				);
				PRODUCT_BUNDLE_IDENTIFIER = com.github.peripheryapp.UIKitProjectTests;
				PRODUCT_NAME = "$(TARGET_NAME)";
				PROVISIONING_PROFILE_SPECIFIER = "";
				"PROVISIONING_PROFILE_SPECIFIER[sdk=macosx*]" = "";
				SWIFT_VERSION = 5.0;
				TARGETED_DEVICE_FAMILY = "1,2";
				TEST_HOST = "$(BUILT_PRODUCTS_DIR)/UIKitProject.app/UIKitProject";
			};
			name = Release;
		};
		3C1FED212556D91D0001BD58 /* Debug */ = {
			isa = XCBuildConfiguration;
			buildSettings = {
				CLANG_ENABLE_MODULES = YES;
				CODE_SIGN_STYLE = Manual;
				CURRENT_PROJECT_VERSION = 1;
				DEFINES_MODULE = YES;
				DEVELOPMENT_TEAM = "";
				DYLIB_COMPATIBILITY_VERSION = 1;
				DYLIB_CURRENT_VERSION = 1;
				DYLIB_INSTALL_NAME_BASE = "@rpath";
				INFOPLIST_FILE = "Target With Spaces/Info.plist";
				INSTALL_PATH = "$(LOCAL_LIBRARY_DIR)/Frameworks";
				LD_RUNPATH_SEARCH_PATHS = (
					"$(inherited)",
					"@executable_path/Frameworks",
					"@loader_path/Frameworks",
				);
				PRODUCT_BUNDLE_IDENTIFIER = "com.github.peripheryapp.Target-With-Spaces";
				PRODUCT_NAME = "$(TARGET_NAME:c99extidentifier)";
				PROVISIONING_PROFILE_SPECIFIER = "";
				"PROVISIONING_PROFILE_SPECIFIER[sdk=macosx*]" = "";
				SKIP_INSTALL = YES;
				SWIFT_OPTIMIZATION_LEVEL = "-Onone";
				SWIFT_VERSION = 5.0;
				TARGETED_DEVICE_FAMILY = "1,2";
				VERSIONING_SYSTEM = "apple-generic";
				VERSION_INFO_PREFIX = "";
			};
			name = Debug;
		};
		3C1FED222556D91D0001BD58 /* Release */ = {
			isa = XCBuildConfiguration;
			buildSettings = {
				CLANG_ENABLE_MODULES = YES;
				CODE_SIGN_STYLE = Manual;
				CURRENT_PROJECT_VERSION = 1;
				DEFINES_MODULE = YES;
				DEVELOPMENT_TEAM = "";
				DYLIB_COMPATIBILITY_VERSION = 1;
				DYLIB_CURRENT_VERSION = 1;
				DYLIB_INSTALL_NAME_BASE = "@rpath";
				INFOPLIST_FILE = "Target With Spaces/Info.plist";
				INSTALL_PATH = "$(LOCAL_LIBRARY_DIR)/Frameworks";
				LD_RUNPATH_SEARCH_PATHS = (
					"$(inherited)",
					"@executable_path/Frameworks",
					"@loader_path/Frameworks",
				);
				PRODUCT_BUNDLE_IDENTIFIER = "com.github.peripheryapp.Target-With-Spaces";
				PRODUCT_NAME = "$(TARGET_NAME:c99extidentifier)";
				PROVISIONING_PROFILE_SPECIFIER = "";
				"PROVISIONING_PROFILE_SPECIFIER[sdk=macosx*]" = "";
				SKIP_INSTALL = YES;
				SWIFT_VERSION = 5.0;
				TARGETED_DEVICE_FAMILY = "1,2";
				VERSIONING_SYSTEM = "apple-generic";
				VERSION_INFO_PREFIX = "";
			};
			name = Release;
		};
		3C849667255405B000900DA9 /* Debug */ = {
			isa = XCBuildConfiguration;
			buildSettings = {
				ALWAYS_SEARCH_USER_PATHS = NO;
				CLANG_ANALYZER_NONNULL = YES;
				CLANG_ANALYZER_NUMBER_OBJECT_CONVERSION = YES_AGGRESSIVE;
				CLANG_CXX_LANGUAGE_STANDARD = "gnu++14";
				CLANG_CXX_LIBRARY = "libc++";
				CLANG_ENABLE_MODULES = YES;
				CLANG_ENABLE_OBJC_ARC = YES;
				CLANG_ENABLE_OBJC_WEAK = YES;
				CLANG_WARN_BLOCK_CAPTURE_AUTORELEASING = YES;
				CLANG_WARN_BOOL_CONVERSION = YES;
				CLANG_WARN_COMMA = YES;
				CLANG_WARN_CONSTANT_CONVERSION = YES;
				CLANG_WARN_DEPRECATED_OBJC_IMPLEMENTATIONS = YES;
				CLANG_WARN_DIRECT_OBJC_ISA_USAGE = YES_ERROR;
				CLANG_WARN_DOCUMENTATION_COMMENTS = YES;
				CLANG_WARN_EMPTY_BODY = YES;
				CLANG_WARN_ENUM_CONVERSION = YES;
				CLANG_WARN_INFINITE_RECURSION = YES;
				CLANG_WARN_INT_CONVERSION = YES;
				CLANG_WARN_NON_LITERAL_NULL_CONVERSION = YES;
				CLANG_WARN_OBJC_IMPLICIT_RETAIN_SELF = YES;
				CLANG_WARN_OBJC_LITERAL_CONVERSION = YES;
				CLANG_WARN_OBJC_ROOT_CLASS = YES_ERROR;
				CLANG_WARN_QUOTED_INCLUDE_IN_FRAMEWORK_HEADER = YES;
				CLANG_WARN_RANGE_LOOP_ANALYSIS = YES;
				CLANG_WARN_STRICT_PROTOTYPES = YES;
				CLANG_WARN_SUSPICIOUS_MOVE = YES;
				CLANG_WARN_UNGUARDED_AVAILABILITY = YES_AGGRESSIVE;
				CLANG_WARN_UNREACHABLE_CODE = YES;
				CLANG_WARN__DUPLICATE_METHOD_MATCH = YES;
				COPY_PHASE_STRIP = NO;
				DEBUG_INFORMATION_FORMAT = dwarf;
				ENABLE_STRICT_OBJC_MSGSEND = YES;
				ENABLE_TESTABILITY = YES;
				GCC_C_LANGUAGE_STANDARD = gnu11;
				GCC_DYNAMIC_NO_PIC = NO;
				GCC_NO_COMMON_BLOCKS = YES;
				GCC_OPTIMIZATION_LEVEL = 0;
				GCC_PREPROCESSOR_DEFINITIONS = (
					"DEBUG=1",
					"$(inherited)",
				);
				GCC_WARN_64_TO_32_BIT_CONVERSION = YES;
				GCC_WARN_ABOUT_RETURN_TYPE = YES_ERROR;
				GCC_WARN_UNDECLARED_SELECTOR = YES;
				GCC_WARN_UNINITIALIZED_AUTOS = YES_AGGRESSIVE;
				GCC_WARN_UNUSED_FUNCTION = YES;
				GCC_WARN_UNUSED_VARIABLE = YES;
				MTL_ENABLE_DEBUG_INFO = INCLUDE_SOURCE;
				MTL_FAST_MATH = YES;
				ONLY_ACTIVE_ARCH = YES;
				SDKROOT = iphoneos;
				SWIFT_ACTIVE_COMPILATION_CONDITIONS = DEBUG;
				SWIFT_OPTIMIZATION_LEVEL = "-Onone";
			};
			name = Debug;
		};
		3C849668255405B000900DA9 /* Release */ = {
			isa = XCBuildConfiguration;
			buildSettings = {
				ALWAYS_SEARCH_USER_PATHS = NO;
				CLANG_ANALYZER_NONNULL = YES;
				CLANG_ANALYZER_NUMBER_OBJECT_CONVERSION = YES_AGGRESSIVE;
				CLANG_CXX_LANGUAGE_STANDARD = "gnu++14";
				CLANG_CXX_LIBRARY = "libc++";
				CLANG_ENABLE_MODULES = YES;
				CLANG_ENABLE_OBJC_ARC = YES;
				CLANG_ENABLE_OBJC_WEAK = YES;
				CLANG_WARN_BLOCK_CAPTURE_AUTORELEASING = YES;
				CLANG_WARN_BOOL_CONVERSION = YES;
				CLANG_WARN_COMMA = YES;
				CLANG_WARN_CONSTANT_CONVERSION = YES;
				CLANG_WARN_DEPRECATED_OBJC_IMPLEMENTATIONS = YES;
				CLANG_WARN_DIRECT_OBJC_ISA_USAGE = YES_ERROR;
				CLANG_WARN_DOCUMENTATION_COMMENTS = YES;
				CLANG_WARN_EMPTY_BODY = YES;
				CLANG_WARN_ENUM_CONVERSION = YES;
				CLANG_WARN_INFINITE_RECURSION = YES;
				CLANG_WARN_INT_CONVERSION = YES;
				CLANG_WARN_NON_LITERAL_NULL_CONVERSION = YES;
				CLANG_WARN_OBJC_IMPLICIT_RETAIN_SELF = YES;
				CLANG_WARN_OBJC_LITERAL_CONVERSION = YES;
				CLANG_WARN_OBJC_ROOT_CLASS = YES_ERROR;
				CLANG_WARN_QUOTED_INCLUDE_IN_FRAMEWORK_HEADER = YES;
				CLANG_WARN_RANGE_LOOP_ANALYSIS = YES;
				CLANG_WARN_STRICT_PROTOTYPES = YES;
				CLANG_WARN_SUSPICIOUS_MOVE = YES;
				CLANG_WARN_UNGUARDED_AVAILABILITY = YES_AGGRESSIVE;
				CLANG_WARN_UNREACHABLE_CODE = YES;
				CLANG_WARN__DUPLICATE_METHOD_MATCH = YES;
				COPY_PHASE_STRIP = NO;
				DEBUG_INFORMATION_FORMAT = "dwarf-with-dsym";
				ENABLE_NS_ASSERTIONS = NO;
				ENABLE_STRICT_OBJC_MSGSEND = YES;
				GCC_C_LANGUAGE_STANDARD = gnu11;
				GCC_NO_COMMON_BLOCKS = YES;
				GCC_WARN_64_TO_32_BIT_CONVERSION = YES;
				GCC_WARN_ABOUT_RETURN_TYPE = YES_ERROR;
				GCC_WARN_UNDECLARED_SELECTOR = YES;
				GCC_WARN_UNINITIALIZED_AUTOS = YES_AGGRESSIVE;
				GCC_WARN_UNUSED_FUNCTION = YES;
				GCC_WARN_UNUSED_VARIABLE = YES;
				MTL_ENABLE_DEBUG_INFO = NO;
				MTL_FAST_MATH = YES;
				SDKROOT = iphoneos;
				SWIFT_COMPILATION_MODE = wholemodule;
				SWIFT_OPTIMIZATION_LEVEL = "-O";
				VALIDATE_PRODUCT = YES;
			};
			name = Release;
		};
		3C84966A255405B000900DA9 /* Debug */ = {
			isa = XCBuildConfiguration;
			buildSettings = {
				ALWAYS_EMBED_SWIFT_STANDARD_LIBRARIES = YES;
				ASSETCATALOG_COMPILER_APPICON_NAME = AppIcon;
				ASSETCATALOG_COMPILER_GLOBAL_ACCENT_COLOR_NAME = AccentColor;
				CODE_SIGN_STYLE = Manual;
				DEVELOPMENT_ASSET_PATHS = "\"UIKitProject/Preview Content\"";
				DEVELOPMENT_TEAM = "";
				ENABLE_PREVIEWS = YES;
				INFOPLIST_FILE = "$(SRCROOT)/UIKitProject/Info.plist";
				LD_RUNPATH_SEARCH_PATHS = (
					"$(inherited)",
					"@executable_path/Frameworks",
				);
				PRODUCT_BUNDLE_IDENTIFIER = com.github.peripheryapp.UIKitProject;
				PRODUCT_NAME = "$(TARGET_NAME)";
				PROVISIONING_PROFILE_SPECIFIER = "";
				SUPPORTED_PLATFORMS = "iphoneos iphonesimulator";
				SUPPORTS_MACCATALYST = NO;
				SUPPORTS_MAC_DESIGNED_FOR_IPHONE_IPAD = NO;
				SUPPORTS_XR_DESIGNED_FOR_IPHONE_IPAD = NO;
				SWIFT_VERSION = 5.0;
				TARGETED_DEVICE_FAMILY = 1;
			};
			name = Debug;
		};
		3C84966B255405B000900DA9 /* Release */ = {
			isa = XCBuildConfiguration;
			buildSettings = {
				ALWAYS_EMBED_SWIFT_STANDARD_LIBRARIES = YES;
				ASSETCATALOG_COMPILER_APPICON_NAME = AppIcon;
				ASSETCATALOG_COMPILER_GLOBAL_ACCENT_COLOR_NAME = AccentColor;
				CODE_SIGN_STYLE = Manual;
				DEVELOPMENT_ASSET_PATHS = "\"UIKitProject/Preview Content\"";
				DEVELOPMENT_TEAM = "";
				ENABLE_PREVIEWS = YES;
				INFOPLIST_FILE = "$(SRCROOT)/UIKitProject/Info.plist";
				LD_RUNPATH_SEARCH_PATHS = (
					"$(inherited)",
					"@executable_path/Frameworks",
				);
				PRODUCT_BUNDLE_IDENTIFIER = com.github.peripheryapp.UIKitProject;
				PRODUCT_NAME = "$(TARGET_NAME)";
				PROVISIONING_PROFILE_SPECIFIER = "";
				SUPPORTED_PLATFORMS = "iphoneos iphonesimulator";
				SUPPORTS_MACCATALYST = NO;
				SUPPORTS_MAC_DESIGNED_FOR_IPHONE_IPAD = NO;
				SUPPORTS_XR_DESIGNED_FOR_IPHONE_IPAD = NO;
				SWIFT_VERSION = 5.0;
				TARGETED_DEVICE_FAMILY = 1;
			};
			name = Release;
		};
		3CFFB5B42AEF8FDF002EFB86 /* Debug */ = {
			isa = XCBuildConfiguration;
			buildSettings = {
				ASSETCATALOG_COMPILER_GENERATE_SWIFT_ASSET_SYMBOL_EXTENSIONS = YES;
				ASSETCATALOG_COMPILER_GLOBAL_ACCENT_COLOR_NAME = AccentColor;
				ASSETCATALOG_COMPILER_WIDGET_BACKGROUND_COLOR_NAME = WidgetBackground;
				CLANG_CXX_LANGUAGE_STANDARD = "gnu++20";
				CODE_SIGN_STYLE = Automatic;
				CURRENT_PROJECT_VERSION = 1;
				ENABLE_USER_SCRIPT_SANDBOXING = YES;
				GCC_C_LANGUAGE_STANDARD = gnu17;
				GENERATE_INFOPLIST_FILE = YES;
				INFOPLIST_FILE = MyWidget/Info.plist;
				INFOPLIST_KEY_CFBundleDisplayName = MyWidget;
				INFOPLIST_KEY_NSHumanReadableCopyright = "";
				LD_RUNPATH_SEARCH_PATHS = (
					"$(inherited)",
					"@executable_path/Frameworks",
					"@executable_path/../../Frameworks",
					"@executable_path/../../../../Frameworks",
				);
				LOCALIZATION_PREFERS_STRING_CATALOGS = YES;
				MARKETING_VERSION = 1.0;
				PRODUCT_BUNDLE_IDENTIFIER = com.github.ileitch.MyWidget;
				PRODUCT_NAME = "$(TARGET_NAME)";
				SDKROOT = watchos;
				SKIP_INSTALL = YES;
				SWIFT_ACTIVE_COMPILATION_CONDITIONS = "DEBUG $(inherited)";
				SWIFT_EMIT_LOC_STRINGS = YES;
				SWIFT_VERSION = 5.0;
				TARGETED_DEVICE_FAMILY = 4;
				WATCHOS_DEPLOYMENT_TARGET = 10.2;
			};
			name = Debug;
		};
		3CFFB5B52AEF8FDF002EFB86 /* Release */ = {
			isa = XCBuildConfiguration;
			buildSettings = {
				ASSETCATALOG_COMPILER_GENERATE_SWIFT_ASSET_SYMBOL_EXTENSIONS = YES;
				ASSETCATALOG_COMPILER_GLOBAL_ACCENT_COLOR_NAME = AccentColor;
				ASSETCATALOG_COMPILER_WIDGET_BACKGROUND_COLOR_NAME = WidgetBackground;
				CLANG_CXX_LANGUAGE_STANDARD = "gnu++20";
				CODE_SIGN_STYLE = Automatic;
				CURRENT_PROJECT_VERSION = 1;
				ENABLE_USER_SCRIPT_SANDBOXING = YES;
				GCC_C_LANGUAGE_STANDARD = gnu17;
				GENERATE_INFOPLIST_FILE = YES;
				INFOPLIST_FILE = MyWidget/Info.plist;
				INFOPLIST_KEY_CFBundleDisplayName = MyWidget;
				INFOPLIST_KEY_NSHumanReadableCopyright = "";
				LD_RUNPATH_SEARCH_PATHS = (
					"$(inherited)",
					"@executable_path/Frameworks",
					"@executable_path/../../Frameworks",
					"@executable_path/../../../../Frameworks",
				);
				LOCALIZATION_PREFERS_STRING_CATALOGS = YES;
				MARKETING_VERSION = 1.0;
				PRODUCT_BUNDLE_IDENTIFIER = com.github.ileitch.MyWidget;
				PRODUCT_NAME = "$(TARGET_NAME)";
				SDKROOT = watchos;
				SKIP_INSTALL = YES;
				SWIFT_EMIT_LOC_STRINGS = YES;
				SWIFT_VERSION = 5.0;
				TARGETED_DEVICE_FAMILY = 4;
				WATCHOS_DEPLOYMENT_TARGET = 10.2;
			};
			name = Release;
		};
/* End XCBuildConfiguration section */

/* Begin XCConfigurationList section */
		3C1A70BC256BBAB300E07E4A /* Build configuration list for PBXNativeTarget "NotificationServiceExtension" */ = {
			isa = XCConfigurationList;
			buildConfigurations = (
				3C1A70BA256BBAB300E07E4A /* Debug */,
				3C1A70BB256BBAB300E07E4A /* Release */,
			);
			defaultConfigurationIsVisible = 0;
			defaultConfigurationName = Release;
		};
		3C1FED062556D5AB0001BD58 /* Build configuration list for PBXNativeTarget "UIKitProjectTests" */ = {
			isa = XCConfigurationList;
			buildConfigurations = (
				3C1FED042556D5AB0001BD58 /* Debug */,
				3C1FED052556D5AB0001BD58 /* Release */,
			);
			defaultConfigurationIsVisible = 0;
			defaultConfigurationName = Release;
		};
		3C1FED202556D91D0001BD58 /* Build configuration list for PBXNativeTarget "Target With Spaces" */ = {
			isa = XCConfigurationList;
			buildConfigurations = (
				3C1FED212556D91D0001BD58 /* Debug */,
				3C1FED222556D91D0001BD58 /* Release */,
			);
			defaultConfigurationIsVisible = 0;
			defaultConfigurationName = Release;
		};
		3C849655255405AD00900DA9 /* Build configuration list for PBXProject "UIKitProject" */ = {
			isa = XCConfigurationList;
			buildConfigurations = (
				3C849667255405B000900DA9 /* Debug */,
				3C849668255405B000900DA9 /* Release */,
			);
			defaultConfigurationIsVisible = 0;
			defaultConfigurationName = Release;
		};
		3C849669255405B000900DA9 /* Build configuration list for PBXNativeTarget "UIKitProject" */ = {
			isa = XCConfigurationList;
			buildConfigurations = (
				3C84966A255405B000900DA9 /* Debug */,
				3C84966B255405B000900DA9 /* Release */,
			);
			defaultConfigurationIsVisible = 0;
			defaultConfigurationName = Release;
		};
		3CFFB5B62AEF8FDF002EFB86 /* Build configuration list for PBXNativeTarget "MyWidgetExtension" */ = {
			isa = XCConfigurationList;
			buildConfigurations = (
				3CFFB5B42AEF8FDF002EFB86 /* Debug */,
				3CFFB5B52AEF8FDF002EFB86 /* Release */,
			);
			defaultConfigurationIsVisible = 0;
			defaultConfigurationName = Release;
		};
/* End XCConfigurationList section */

/* Begin XCSwiftPackageProductDependency section */
		73AF86CA2968A93100BED352 /* LocalPackageTarget */ = {
			isa = XCSwiftPackageProductDependency;
			productName = LocalPackageTarget;
		};
		73AF86CC2968A93900BED352 /* LocalPackageTarget */ = {
			isa = XCSwiftPackageProductDependency;
			productName = LocalPackageTarget;
		};
/* End XCSwiftPackageProductDependency section */

/* Begin XCVersionGroup section */
		3C9EFBA62684E1B70071E973 /* Model.xcdatamodeld */ = {
			isa = XCVersionGroup;
			children = (
				3C9EFBA72684E1B70071E973 /* Model.xcdatamodel */,
			);
			currentVersion = 3C9EFBA72684E1B70071E973 /* Model.xcdatamodel */;
			path = Model.xcdatamodeld;
			sourceTree = "<group>";
			versionGroupType = wrapper.xcdatamodel;
		};
		3CE3F7CA2685DEFB0047231C /* OldModel.xcdatamodeld */ = {
			isa = XCVersionGroup;
			children = (
				3CE3F7CB2685DEFB0047231C /* OldModel.xcdatamodel */,
			);
			currentVersion = 3CE3F7CB2685DEFB0047231C /* OldModel.xcdatamodel */;
			path = OldModel.xcdatamodeld;
			sourceTree = "<group>";
			versionGroupType = wrapper.xcdatamodel;
		};
/* End XCVersionGroup section */
	};
	rootObject = 3C849652255405AD00900DA9 /* Project object */;
}
